#MicroXplorer Configuration settings - do not modify
Mcu.Family=STM32F1
ProjectManager.MainLocation=Core/Src
Dma.USART2_RX.2.PeriphDataAlignment=DMA_PDATAALIGN_BYTE
RCC.MCOFreq_Value=72000000
USB_DEVICE.CLASS_NAME_FS=CDC
USART2.IPParameters=VirtualMode
VP_TIM4_VS_ControllerModeClock.Signal=TIM4_VS_ControllerModeClock
NVIC.DMA1_Channel5_IRQn=true\:5\:0\:false\:false\:true\:true\:false\:true
NVIC.I2C1_EV_IRQn=true\:5\:0\:false\:false\:true\:true\:true\:true
ProjectManager.KeepUserCode=true
Mcu.UserName=STM32F103C8Tx
Dma.USART1_TX.1.MemInc=DMA_MINC_ENABLE
SPI2.VirtualType=VM_MASTER
Dma.USART2_TX.3.MemInc=DMA_MINC_ENABLE
Dma.USART2_TX.3.RequestParameters=Instance,Direction,PeriphInc,MemInc,PeriphDataAlignment,MemDataAlignment,Mode,Priority
RCC.PLLCLKFreq_Value=72000000
ProjectManager.functionlistsort=1-MX_GPIO_Init-GPIO-false-HAL-true,2-MX_DMA_Init-DMA-false-HAL-true,3-SystemClock_Config-RCC-false-HAL-false,4-MX_USART1_UART_Init-USART1-false-HAL-true,5-MX_USART2_UART_Init-USART2-false-HAL-true,6-MX_CAN_Init-CAN-false-HAL-true,7-MX_I2C1_Init-I2C1-false-HAL-true,8-MX_SPI2_Init-SPI2-false-HAL-true,9-MX_ADC1_Init-ADC1-false-HAL-true,10-MX_TIM2_Init-TIM2-false-HAL-true,11-MX_TIM3_Init-TIM3-false-HAL-true,12-MX_TIM4_Init-TIM4-false-HAL-true,13-MX_USB_DEVICE_Init-USB_DEVICE-false-HAL-false
PA11.Mode=Device
RCC.ADCFreqValue=12000000
NVIC.TIM1_UP_IRQn=true\:0\:0\:false\:false\:true\:false\:false\:true
Dma.USART2_TX.3.Direction=DMA_MEMORY_TO_PERIPH
USART1.IPParameters=VirtualMode
PB11.Signal=S_TIM2_CH4
PB13.Signal=SPI2_SCK
PB15.Signal=SPI2_MOSI
PinOutPanel.RotationAngle=0
RCC.SYSCLKSource=RCC_SYSCLKSOURCE_PLLCLK
ProjectManager.StackSize=0x200
VP_FREERTOS_VS_CMSIS_V2.Mode=CMSIS_V2
PD1-OSC_OUT.Signal=RCC_OSC_OUT
Mcu.IP4=I2C1
Mcu.IP5=NVIC
RCC.FCLKCortexFreq_Value=72000000
Mcu.IP2=DMA
NVIC.SVCall_IRQn=true\:0\:0\:false\:false\:false\:false\:false\:false
Mcu.IP3=FREERTOS
Mcu.IP0=ADC1
Mcu.IP1=CAN
PA12.Signal=USB_DP
Mcu.UserConstants=
Mcu.ThirdPartyNb=0
FREERTOS.configUSE_STATS_FORMATTING_FUNCTIONS=0
TIM2.Channel-Output\ Compare4\ CH4=TIM_CHANNEL_4
RCC.HCLKFreq_Value=72000000
Mcu.IPNb=16
TIM2.IPParameters=Channel-PWM Generation1 CH1,Channel-Output Compare2 CH2,Channel-Output Compare3 CH3,Channel-Output Compare4 CH4
ProjectManager.PreviousToolchain=
RCC.APB2TimFreq_Value=72000000
PB6.Signal=I2C1_SCL
PB6.Mode=I2C
Dma.USART2_RX.2.Priority=DMA_PRIORITY_LOW
SH.ADCx_IN7.ConfNb=1
FREERTOS.configUSE_MALLOC_FAILED_HOOK=0
Mcu.Pin6=PA3
Mcu.Pin7=PA4
VP_TIM2_VS_ClockSourceINT.Signal=TIM2_VS_ClockSourceINT
Dma.USART2_RX.2.MemDataAlignment=DMA_MDATAALIGN_BYTE
Mcu.Pin8=PA5
Mcu.Pin9=PA6
FREERTOS.IPParameters=Tasks01,configTOTAL_HEAP_SIZE,configGENERATE_RUN_TIME_STATS,configUSE_STATS_FORMATTING_FUNCTIONS,configCHECK_FOR_STACK_OVERFLOW,configUSE_MALLOC_FAILED_HOOK
RCC.AHBFreq_Value=72000000
SPI2.BaudRatePrescaler=SPI_BAUDRATEPRESCALER_32
Dma.USART1_RX.0.Priority=DMA_PRIORITY_LOW
Mcu.Pin0=PC13-TAMPER-RTC
Mcu.Pin1=PC14-OSC32_IN
GPIO.groupedBy=Group By Peripherals
Mcu.Pin2=PC15-OSC32_OUT
Mcu.Pin3=PD0-OSC_IN
Mcu.Pin4=PD1-OSC_OUT
Mcu.Pin5=PA2
ADC1.Channel-0\#ChannelRegularConversion=ADC_CHANNEL_6
ProjectManager.ProjectBuild=false
NVIC.UsageFault_IRQn=true\:0\:0\:false\:false\:true\:false\:false\:false
NVIC.DebugMonitor_IRQn=true\:0\:0\:false\:false\:true\:false\:false\:false
PA8.Locked=true
PA4.Locked=true
Mcu.IP10=TIM3
NVIC.SysTick_IRQn=true\:15\:0\:false\:false\:false\:true\:false\:true
Mcu.IP12=USART1
SH.GPXTI12.0=GPIO_EXTI12
RCC.PLLMUL=RCC_PLL_MUL9
Mcu.IP11=TIM4
ProjectManager.FirmwarePackage=STM32Cube FW_F1 V1.8.3
MxDb.Version=DB.6.0.10
Mcu.IP14=USB
Mcu.IP13=USART2
ProjectManager.BackupPrevious=false
Mcu.IP15=USB_DEVICE
PA14.Mode=Serial_Wire
PB14.Mode=Full_Duplex_Master
VP_SYS_VS_tim1.Mode=TIM1
File.Version=6
SH.ADCx_IN8.0=ADC1_IN8,IN8
SPI2.CalculateBaudRate=1.125 MBits/s
PB7.Signal=I2C1_SDA
PA8.Signal=GPXTI8
PB8.Locked=true
NVIC.SPI2_IRQn=true\:5\:0\:false\:false\:true\:true\:true\:true
TIM2.Channel-PWM\ Generation1\ CH1=TIM_CHANNEL_1
PB6.Locked=true
NVIC.PendSV_IRQn=true\:15\:0\:false\:false\:false\:true\:false\:false
SH.ADCx_IN6.ConfNb=1
Dma.USART1_RX.0.MemInc=DMA_MINC_ENABLE
NVIC.I2C1_ER_IRQn=true\:5\:0\:false\:false\:true\:true\:true\:true
Dma.RequestsNb=4
CAN.CalculateTimeQuantum=444.44444444444446
ProjectManager.HalAssertFull=false
PB0.Locked=true
ADC1.SamplingTime-0\#ChannelRegularConversion=ADC_SAMPLETIME_1CYCLE_5
FREERTOS.configTOTAL_HEAP_SIZE=8192
Dma.USART1_TX.1.PeriphDataAlignment=DMA_PDATAALIGN_BYTE
ProjectManager.ProjectName=F103C8
RCC.PLLMCOFreq_Value=36000000
Mcu.Package=LQFP48
PB9.Signal=CAN_TX
TIM2.Channel-Output\ Compare2\ CH2=TIM_CHANNEL_2
PB1.Signal=ADCx_IN9
PA6.Signal=ADCx_IN6
PA7.Locked=true
PA5.Locked=true
NVIC.TimeBase=TIM1_UP_IRQn
SPI2.Mode=SPI_MODE_MASTER
Dma.USART2_RX.2.RequestParameters=Instance,Direction,PeriphInc,MemInc,PeriphDataAlignment,MemDataAlignment,Mode,Priority
SH.GPXTI8.0=GPIO_EXTI8
USART2.VirtualMode=VM_ASYNC
PA14.Locked=true
ProjectManager.ToolChainLocation=
SH.GPXTI8.ConfNb=1
Dma.USART1_RX.0.RequestParameters=Instance,Direction,PeriphInc,MemInc,PeriphDataAlignment,MemDataAlignment,Mode,Priority
NVIC.TimeBaseIP=TIM1
PA10.Signal=USART1_RX
PA15.Signal=S_TIM2_CH1_ETR
VP_USB_DEVICE_VS_USB_DEVICE_CDC_FS.Signal=USB_DEVICE_VS_USB_DEVICE_CDC_FS
Dma.USART2_RX.2.Direction=DMA_PERIPH_TO_MEMORY
PA5.GPIOParameters=GPIO_Label
SH.ADCx_IN9.0=ADC1_IN9,IN9
Dma.Request2=USART2_RX
Dma.Request1=USART1_TX
RCC.APB1TimFreq_Value=72000000
FREERTOS.configGENERATE_RUN_TIME_STATS=1
Dma.Request3=USART2_TX
NVIC.BusFault_IRQn=true\:0\:0\:false\:false\:true\:false\:false\:false
Dma.USART1_RX.0.Mode=DMA_NORMAL
Dma.USART1_TX.1.Priority=DMA_PRIORITY_LOW
SPI2.Direction=SPI_DIRECTION_2LINES
SH.ADCx_IN9.ConfNb=1
PB13.Mode=Full_Duplex_Master
NVIC.DMA1_Channel4_IRQn=true\:5\:0\:false\:false\:true\:true\:false\:true
SH.S_TIM2_CH4.ConfNb=1
NVIC.USART1_IRQn=true\:5\:0\:false\:false\:true\:true\:true\:true
Dma.Request0=USART1_RX
PA4.GPIO_Label=USER_LED
Dma.USART1_RX.0.Instance=DMA1_Channel5
ProjectManager.CustomerFirmwarePackage=
VP_TIM3_VS_ClockSourceINT.Mode=Internal
PC14-OSC32_IN.Locked=true
PA3.Signal=USART2_RX
Dma.USART1_TX.1.Direction=DMA_MEMORY_TO_PERIPH
RCC.PLLSourceVirtual=RCC_PLLSOURCE_HSE
Dma.USART2_TX.3.MemDataAlignment=DMA_MDATAALIGN_BYTE
NVIC.DMA1_Channel6_IRQn=true\:5\:0\:false\:false\:true\:true\:false\:true
Dma.USART1_TX.1.Instance=DMA1_Channel4
ProjectManager.ProjectFileName=F103C8.ioc
FREERTOS.Tasks01=defaultTask,24,128,StartDefaultTask,Default,NULL,Dynamic,NULL,NULL
ADC1.Rank-0\#ChannelRegularConversion=1
PD1-OSC_OUT.Mode=HSE-External-Oscillator
Dma.USART1_RX.0.PeriphDataAlignment=DMA_PDATAALIGN_BYTE
PA10.Mode=Asynchronous
Mcu.PinsNb=39
Dma.USART2_TX.3.Instance=DMA1_Channel7
ProjectManager.NoMain=false
USB_DEVICE.VirtualModeFS=Cdc_FS
SH.ADCx_IN6.0=ADC1_IN6,IN6
ADC1.IPParameters=Rank-0\#ChannelRegularConversion,Channel-0\#ChannelRegularConversion,SamplingTime-0\#ChannelRegularConversion,NbrOfConversionFlag,master
Dma.USART1_TX.1.RequestParameters=Instance,Direction,PeriphInc,MemInc,PeriphDataAlignment,MemDataAlignment,Mode,Priority
CAN.CalculateBaudRate=750000
NVIC.SavedSvcallIrqHandlerGenerated=true
FREERTOS.configCHECK_FOR_STACK_OVERFLOW=2
TIM2.Channel-Output\ Compare3\ CH3=TIM_CHANNEL_3
PC13-TAMPER-RTC.Signal=GPIO_Output
RCC.USBPrescaler=RCC_USBCLKSOURCE_PLL_DIV1_5
ProjectManager.DefaultFWLocation=true
Dma.USART2_TX.3.PeriphInc=DMA_PINC_DISABLE
PD0-OSC_IN.Signal=RCC_OSC_IN
PB12.Locked=true
ProjectManager.DeletePrevious=true
RCC.APB1CLKDivider=RCC_HCLK_DIV2
PC14-OSC32_IN.Signal=GPIO_Output
USB_DEVICE.IPParameters=VirtualMode,VirtualModeFS,CLASS_NAME_FS
VP_TIM4_VS_ControllerModeClock.Mode=Clock Mode
NVIC.USART2_IRQn=true\:5\:0\:false\:false\:true\:true\:true\:true
SH.S_TIM2_CH1_ETR.ConfNb=1
CAN.CalculateTimeBit=1333.33
Dma.USART2_RX.2.Mode=DMA_NORMAL
RCC.FamilyName=M
RCC.ADCPresc=RCC_ADCPCLK2_DIV6
PA3.Mode=Asynchronous
PA13.Signal=SYS_JTMS-SWDIO
SH.S_TIM2_CH2.0=TIM2_CH2,Output Compare2 CH2
PA9.Mode=Asynchronous
CAN.BS2=CAN_BS2_1TQ
CAN.BS1=CAN_BS1_1TQ
PC15-OSC32_OUT.Locked=true
Dma.USART2_RX.2.MemInc=DMA_MINC_ENABLE
ProjectManager.TargetToolchain=Makefile
SH.ADCx_IN7.0=ADC1_IN7,IN7
Dma.USART1_RX.0.Direction=DMA_PERIPH_TO_MEMORY
VP_USB_DEVICE_VS_USB_DEVICE_CDC_FS.Mode=CDC_FS
PB9.Mode=CAN_Activate
PA9.Signal=USART1_TX
SH.S_TIM2_CH2.ConfNb=1
SH.GPXTI12.ConfNb=1
PB9.Locked=true
VP_TIM4_VS_ClockSourceITR.Signal=TIM4_VS_ClockSourceITR
SPI2.IPParameters=VirtualType,Mode,Direction,CalculateBaudRate,BaudRatePrescaler
Dma.USART2_TX.3.PeriphDataAlignment=DMA_PDATAALIGN_BYTE
ProjectManager.RegisterCallBack=CAN,I2C,SD,SPI,TIM,UART,USART
PC13-TAMPER-RTC.Locked=true
RCC.USBFreq_Value=48000000
VP_TIM3_VS_ClockSourceINT.Signal=TIM3_VS_ClockSourceINT
PC15-OSC32_OUT.Signal=GPIO_Output
Dma.USART1_RX.0.PeriphInc=DMA_PINC_DISABLE
PB1.Locked=true
PD0-OSC_IN.Mode=HSE-External-Oscillator
PB10.Signal=S_TIM2_CH3
PB14.Signal=SPI2_MISO
PA5.Signal=GPIO_Input
Dma.USART1_TX.1.MemDataAlignment=DMA_MDATAALIGN_BYTE
board=custom
ProjectManager.LastFirmware=true
PB15.Mode=Full_Duplex_Master
RCC.VCOOutput2Freq_Value=8000000
Dma.USART2_RX.2.PeriphInc=DMA_PINC_DISABLE
NVIC.SavedSystickIrqHandlerGenerated=true
RCC.APB2Freq_Value=72000000
MxCube.Version=6.1.1
Mcu.Pin37=VP_TIM4_VS_ClockSourceITR
Mcu.Pin38=VP_USB_DEVICE_VS_USB_DEVICE_CDC_FS
VP_TIM2_VS_ClockSourceINT.Mode=Internal
Mcu.Pin35=VP_TIM3_VS_ClockSourceINT
SH.S_TIM2_CH3.0=TIM2_CH3,Output Compare3 CH3
VP_SYS_VS_tim1.Signal=SYS_VS_tim1
Mcu.Pin36=VP_TIM4_VS_ControllerModeClock
VP_TIM4_VS_ClockSourceITR.Mode=TriggerSource_ITR2
Dma.USART2_TX.3.Mode=DMA_NORMAL
NVIC.USB_LP_CAN1_RX0_IRQn=true\:5\:0\:false\:false\:true\:true\:false\:true
Mcu.Pin30=PB8
Mcu.Pin33=VP_SYS_VS_tim1
Mcu.Pin34=VP_TIM2_VS_ClockSourceINT
Dma.USART1_RX.0.MemDataAlignment=DMA_MDATAALIGN_BYTE
Mcu.Pin31=PB9
Mcu.Pin32=VP_FREERTOS_VS_CMSIS_V2
NVIC.NonMaskableInt_IRQn=true\:0\:0\:false\:false\:true\:false\:false\:false
PA4.GPIOParameters=GPIO_Label
SH.S_TIM2_CH3.ConfNb=1
CAN.IPParameters=CalculateTimeQuantum,CalculateTimeBit,CalculateBaudRate,BS1,BS2
SH.ADCx_IN8.ConfNb=1
PA13.Mode=Serial_Wire
ProjectManager.FreePins=false
RCC.IPParameters=ADCFreqValue,ADCPresc,AHBFreq_Value,APB1CLKDivider,APB1Freq_Value,APB1TimFreq_Value,APB2Freq_Value,APB2TimFreq_Value,FCLKCortexFreq_Value,FamilyName,HCLKFreq_Value,MCOFreq_Value,PLLCLKFreq_Value,PLLMCOFreq_Value,PLLMUL,PLLSourceVirtual,SYSCLKFreq_VALUE,SYSCLKSource,TimSysFreq_Value,USBFreq_Value,USBPrescaler,VCOOutput2Freq_Value
ProjectManager.AskForMigrate=true
Mcu.Name=STM32F103C(8-B)Tx
Mcu.Pin26=PA15
Mcu.Pin27=PB3
NVIC.SavedPendsvIrqHandlerGenerated=true
PA2.Signal=USART2_TX
Mcu.Pin24=PA13
ProjectManager.UnderRoot=false
Mcu.Pin25=PA14
Mcu.IP8=SYS
VP_FREERTOS_VS_CMSIS_V2.Signal=FREERTOS_VS_CMSIS_V2
Mcu.IP9=TIM2
Mcu.Pin28=PB6
Mcu.IP6=RCC
Mcu.Pin29=PB7
Mcu.IP7=SPI2
ProjectManager.CoupleFile=true
PB3.Signal=S_TIM2_CH2
PA4.Signal=GPIO_Output
RCC.SYSCLKFreq_VALUE=72000000
Mcu.Pin22=PA11
Mcu.Pin23=PA12
RCC.TimSysFreq_Value=72000000
Mcu.Pin20=PA9
ADC1.master=1
Mcu.Pin21=PA10
PA12.Mode=Device
PA5.GPIO_Label=USER_BUTTON
NVIC.ForceEnableDMAVector=true
KeepUserPlacement=false
Dma.USART2_RX.2.Instance=DMA1_Channel6
Dma.USART1_TX.1.Mode=DMA_NORMAL
NVIC.MemoryManagement_IRQn=true\:0\:0\:false\:false\:true\:false\:false\:false
PA13.Locked=true
USART1.VirtualMode=VM_ASYNC
ProjectManager.CompilerOptimize=6
PA11.Signal=USB_DM
PB7.Mode=I2C
SH.S_TIM2_CH1_ETR.0=TIM2_CH1,PWM Generation1 CH1
PA14.Signal=SYS_JTCK-SWCLK
ProjectManager.HeapSize=0x0
Mcu.Pin15=PB12
Dma.USART1_TX.1.PeriphInc=DMA_PINC_DISABLE
NVIC.HardFault_IRQn=true\:0\:0\:false\:false\:true\:false\:false\:false
Mcu.Pin16=PB13
Mcu.Pin13=PB10
SH.S_TIM2_CH4.0=TIM2_CH4,Output Compare4 CH4
Mcu.Pin14=PB11
Mcu.Pin19=PA8
ProjectManager.ComputerToolchain=false
Mcu.Pin17=PB14
Mcu.Pin18=PB15
Dma.USART2_TX.3.Priority=DMA_PRIORITY_LOW
NVIC.PriorityGroup=NVIC_PRIORITYGROUP_4
ADC1.NbrOfConversionFlag=1
Mcu.Pin11=PB0
Mcu.Pin12=PB1
PB8.Mode=CAN_Activate
Mcu.Pin10=PA7
PB7.Locked=true
PA2.Mode=Asynchronous
PB8.Signal=CAN_RX
NVIC.DMA1_Channel7_IRQn=true\:5\:0\:false\:false\:true\:true\:false\:true
RCC.APB1Freq_Value=36000000
PB0.Signal=ADCx_IN8
USB_DEVICE.VirtualMode=Cdc
PB11.Locked=true
ProjectManager.DeviceId=STM32F103C8Tx
PB12.Signal=GPXTI12
ProjectManager.LibraryCopy=1
PA7.Signal=ADCx_IN7
PA6.Locked=true
